
Microsoft Visual Studio Solution File, Format Version 12.00
# Visual Studio Version 17
VisualStudioVersion = 17.0.32014.148
MinimumVisualStudioVersion = 10.0.40219.1
Project("{FAE04EC0-301F-11D3-BF4B-00C04F79EFBC}") = "UndertaleModToolAvalonia", "UndertaleModToolAvalonia\UndertaleModToolAvalonia.csproj", "{C7187D08-A0AF-4E70-91E0-B44C06ADE0C5}"
EndProject
Project("{FAE04EC0-301F-11D3-BF4B-00C04F79EFBC}") = "UndertaleModToolAvalonia.Android", "UndertaleModToolAvalonia.Android\UndertaleModToolAvalonia.Android.csproj", "{03E8D876-D21B-46B8-BC5D-C4324260C9D2}"
EndProject
Project("{FAE04EC0-301F-11D3-BF4B-00C04F79EFBC}") = "UndertaleModToolAvalonia.Desktop", "UndertaleModToolAvalonia.Desktop\UndertaleModToolAvalonia.Desktop.csproj", "{9205C3EE-2824-42F9-8DC7-2C5C13EA7227}"
EndProject
Project("{FAE04EC0-301F-11D3-BF4B-00C04F79EFBC}") = "QiuLibCore", "QiuLibCore\QiuLibCore.csproj", "{E796578F-A446-405E-B55A-3F512CDB842D}"
EndProject
Project("{FAE04EC0-301F-11D3-BF4B-00C04F79EFBC}") = "QiuSkiaBridge", "QiuSkiaBridge\QiuSkiaBridge.csproj", "{FBC4112C-FD39-4CD3-A033-CCEB32779F70}"
EndProject
Project("{FAE04EC0-301F-11D3-BF4B-00C04F79EFBC}") = "Underanalyzer", "UndertaleModTool\Underanalyzer\Underanalyzer\Underanalyzer.csproj", "{2719FD87-8383-406C-81B0-C674FAD1913E}"
EndProject
Project("{FAE04EC0-301F-11D3-BF4B-00C04F79EFBC}") = "UndertaleModLib", "UndertaleModTool\UndertaleModLib\UndertaleModLib.csproj", "{07B5151E-37D0-4C14-B831-6313758F0AC9}"
EndProject
Project("{FAE04EC0-301F-11D3-BF4B-00C04F79EFBC}") = "SoraEditor", "SoraEditor\SoraEditor.csproj", "{242AEDF3-93D3-42FD-A270-D00AF73CBFA2}"
EndProject
Global
	GlobalSection(SolutionConfigurationPlatforms) = preSolution
		Debug|Any CPU = Debug|Any CPU
		Debug|x64 = Debug|x64
		Release|Any CPU = Release|Any CPU
		Release|x64 = Release|x64
	EndGlobalSection
	GlobalSection(ProjectConfigurationPlatforms) = postSolution
		{C7187D08-A0AF-4E70-91E0-B44C06ADE0C5}.Debug|Any CPU.ActiveCfg = Debug|Any CPU
		{C7187D08-A0AF-4E70-91E0-B44C06ADE0C5}.Debug|Any CPU.Build.0 = Debug|Any CPU
		{C7187D08-A0AF-4E70-91E0-B44C06ADE0C5}.Debug|x64.ActiveCfg = Debug|Any CPU
		{C7187D08-A0AF-4E70-91E0-B44C06ADE0C5}.Debug|x64.Build.0 = Debug|Any CPU
		{C7187D08-A0AF-4E70-91E0-B44C06ADE0C5}.Release|Any CPU.ActiveCfg = Release|Any CPU
		{C7187D08-A0AF-4E70-91E0-B44C06ADE0C5}.Release|Any CPU.Build.0 = Release|Any CPU
		{C7187D08-A0AF-4E70-91E0-B44C06ADE0C5}.Release|x64.ActiveCfg = Release|Any CPU
		{C7187D08-A0AF-4E70-91E0-B44C06ADE0C5}.Release|x64.Build.0 = Release|Any CPU
		{03E8D876-D21B-46B8-BC5D-C4324260C9D2}.Debug|Any CPU.ActiveCfg = Debug|Any CPU
		{03E8D876-D21B-46B8-BC5D-C4324260C9D2}.Debug|Any CPU.Build.0 = Debug|Any CPU
		{03E8D876-D21B-46B8-BC5D-C4324260C9D2}.Debug|Any CPU.Deploy.0 = Debug|Any CPU
		{03E8D876-D21B-46B8-BC5D-C4324260C9D2}.Debug|x64.ActiveCfg = Debug|Any CPU
		{03E8D876-D21B-46B8-BC5D-C4324260C9D2}.Debug|x64.Build.0 = Debug|Any CPU
		{03E8D876-D21B-46B8-BC5D-C4324260C9D2}.Debug|x64.Deploy.0 = Debug|Any CPU
		{03E8D876-D21B-46B8-BC5D-C4324260C9D2}.Release|Any CPU.ActiveCfg = Release|Any CPU
		{03E8D876-D21B-46B8-BC5D-C4324260C9D2}.Release|Any CPU.Build.0 = Release|Any CPU
		{03E8D876-D21B-46B8-BC5D-C4324260C9D2}.Release|Any CPU.Deploy.0 = Release|Any CPU
		{03E8D876-D21B-46B8-BC5D-C4324260C9D2}.Release|x64.ActiveCfg = Release|Any CPU
		{03E8D876-D21B-46B8-BC5D-C4324260C9D2}.Release|x64.Build.0 = Release|Any CPU
		{03E8D876-D21B-46B8-BC5D-C4324260C9D2}.Release|x64.Deploy.0 = Release|Any CPU
		{9205C3EE-2824-42F9-8DC7-2C5C13EA7227}.Debug|Any CPU.ActiveCfg = Debug|Any CPU
		{9205C3EE-2824-42F9-8DC7-2C5C13EA7227}.Debug|Any CPU.Build.0 = Debug|Any CPU
		{9205C3EE-2824-42F9-8DC7-2C5C13EA7227}.Debug|x64.ActiveCfg = Debug|Any CPU
		{9205C3EE-2824-42F9-8DC7-2C5C13EA7227}.Debug|x64.Build.0 = Debug|Any CPU
		{9205C3EE-2824-42F9-8DC7-2C5C13EA7227}.Release|Any CPU.ActiveCfg = Release|Any CPU
		{9205C3EE-2824-42F9-8DC7-2C5C13EA7227}.Release|Any CPU.Build.0 = Release|Any CPU
		{9205C3EE-2824-42F9-8DC7-2C5C13EA7227}.Release|x64.ActiveCfg = Release|Any CPU
		{9205C3EE-2824-42F9-8DC7-2C5C13EA7227}.Release|x64.Build.0 = Release|Any CPU
		{9205C3EE-2824-42F9-8DC7-2C5C13EA7227}.Debug|Any CPU.Deploy.0 = Debug|Any CPU
		{9205C3EE-2824-42F9-8DC7-2C5C13EA7227}.Release|Any CPU.Deploy.0 = Release|Any CPU
		{E796578F-A446-405E-B55A-3F512CDB842D}.Debug|Any CPU.ActiveCfg = Debug|Any CPU
		{E796578F-A446-405E-B55A-3F512CDB842D}.Debug|Any CPU.Build.0 = Debug|Any CPU
		{E796578F-A446-405E-B55A-3F512CDB842D}.Debug|x64.ActiveCfg = Debug|Any CPU
		{E796578F-A446-405E-B55A-3F512CDB842D}.Debug|x64.Build.0 = Debug|Any CPU
		{E796578F-A446-405E-B55A-3F512CDB842D}.Release|Any CPU.ActiveCfg = Release|Any CPU
		{E796578F-A446-405E-B55A-3F512CDB842D}.Release|Any CPU.Build.0 = Release|Any CPU
		{E796578F-A446-405E-B55A-3F512CDB842D}.Release|x64.ActiveCfg = Release|Any CPU
		{E796578F-A446-405E-B55A-3F512CDB842D}.Release|x64.Build.0 = Release|Any CPU
		{FBC4112C-FD39-4CD3-A033-CCEB32779F70}.Debug|Any CPU.ActiveCfg = Debug|Any CPU
		{FBC4112C-FD39-4CD3-A033-CCEB32779F70}.Debug|Any CPU.Build.0 = Debug|Any CPU
		{FBC4112C-FD39-4CD3-A033-CCEB32779F70}.Debug|x64.ActiveCfg = Debug|x64
		{FBC4112C-FD39-4CD3-A033-CCEB32779F70}.Debug|x64.Build.0 = Debug|x64
		{FBC4112C-FD39-4CD3-A033-CCEB32779F70}.Release|Any CPU.ActiveCfg = Release|Any CPU
		{FBC4112C-FD39-4CD3-A033-CCEB32779F70}.Release|Any CPU.Build.0 = Release|Any CPU
		{FBC4112C-FD39-4CD3-A033-CCEB32779F70}.Release|x64.ActiveCfg = Release|x64
		{FBC4112C-FD39-4CD3-A033-CCEB32779F70}.Release|x64.Build.0 = Release|x64
		{2719FD87-8383-406C-81B0-C674FAD1913E}.Debug|Any CPU.ActiveCfg = Debug|Any CPU
		{2719FD87-8383-406C-81B0-C674FAD1913E}.Debug|Any CPU.Build.0 = Debug|Any CPU
		{2719FD87-8383-406C-81B0-C674FAD1913E}.Debug|x64.ActiveCfg = Debug|Any CPU
		{2719FD87-8383-406C-81B0-C674FAD1913E}.Debug|x64.Build.0 = Debug|Any CPU
		{2719FD87-8383-406C-81B0-C674FAD1913E}.Release|Any CPU.ActiveCfg = Release|Any CPU
		{2719FD87-8383-406C-81B0-C674FAD1913E}.Release|Any CPU.Build.0 = Release|Any CPU
		{2719FD87-8383-406C-81B0-C674FAD1913E}.Release|x64.ActiveCfg = Release|Any CPU
		{2719FD87-8383-406C-81B0-C674FAD1913E}.Release|x64.Build.0 = Release|Any CPU
		{07B5151E-37D0-4C14-B831-6313758F0AC9}.Debug|Any CPU.ActiveCfg = Debug|Any CPU
		{07B5151E-37D0-4C14-B831-6313758F0AC9}.Debug|Any CPU.Build.0 = Debug|Any CPU
		{07B5151E-37D0-4C14-B831-6313758F0AC9}.Debug|x64.ActiveCfg = Debug|x64
		{07B5151E-37D0-4C14-B831-6313758F0AC9}.Debug|x64.Build.0 = Debug|x64
		{07B5151E-37D0-4C14-B831-6313758F0AC9}.Release|Any CPU.ActiveCfg = Release|Any CPU
		{07B5151E-37D0-4C14-B831-6313758F0AC9}.Release|Any CPU.Build.0 = Release|Any CPU
		{07B5151E-37D0-4C14-B831-6313758F0AC9}.Release|x64.ActiveCfg = Release|x64
		{07B5151E-37D0-4C14-B831-6313758F0AC9}.Release|x64.Build.0 = Release|x64
		{242AEDF3-93D3-42FD-A270-D00AF73CBFA2}.Debug|Any CPU.ActiveCfg = Debug|Any CPU
		{242AEDF3-93D3-42FD-A270-D00AF73CBFA2}.Debug|Any CPU.Build.0 = Debug|Any CPU
		{242AEDF3-93D3-42FD-A270-D00AF73CBFA2}.Debug|x64.ActiveCfg = Debug|Any CPU
		{242AEDF3-93D3-42FD-A270-D00AF73CBFA2}.Debug|x64.Build.0 = Debug|Any CPU
		{242AEDF3-93D3-42FD-A270-D00AF73CBFA2}.Release|Any CPU.ActiveCfg = Release|Any CPU
		{242AEDF3-93D3-42FD-A270-D00AF73CBFA2}.Release|Any CPU.Build.0 = Release|Any CPU
		{242AEDF3-93D3-42FD-A270-D00AF73CBFA2}.Release|x64.ActiveCfg = Release|Any CPU
		{242AEDF3-93D3-42FD-A270-D00AF73CBFA2}.Release|x64.Build.0 = Release|Any CPU
	EndGlobalSection
	GlobalSection(SolutionProperties) = preSolution
		HideSolutionNode = FALSE
	EndGlobalSection
	GlobalSection(ExtensibilityGlobals) = postSolution
		SolutionGuid = {B30B9D2A-2C5B-491E-BB68-094F47DA14B3}
	EndGlobalSection
EndGlobal
